
Microsoft Visual Studio Solution File, Format Version 12.00
# Visual Studio Version 17
VisualStudioVersion = 17.8.34330.188
MinimumVisualStudioVersion = 10.0.40219.1
Project("{00D1A9C2-B5F0-4AF3-8072-F6C62B433612}") = "LoadControl", "LoadControl\LoadControl.sqlproj", "{BA1FB1BD-DE3E-45DE-85DC-A8E8A2ABB9D9}"
EndProject
Global
	GlobalSection(SolutionConfigurationPlatforms) = preSolution
		Debug|Any CPU = Debug|Any CPU
		Release|Any CPU = Release|Any CPU
	EndGlobalSection
	GlobalSection(ProjectConfigurationPlatforms) = postSolution
		{BA1FB1BD-DE3E-45DE-85DC-A8E8A2ABB9D9}.Debug|Any CPU.ActiveCfg = Debug|Any CPU
		{BA1FB1BD-DE3E-45DE-85DC-A8E8A2ABB9D9}.Debug|Any CPU.Build.0 = Debug|Any CPU
		{BA1FB1BD-DE3E-45DE-85DC-A8E8A2ABB9D9}.Debug|Any CPU.Deploy.0 = Debug|Any CPU
		{BA1FB1BD-DE3E-45DE-85DC-A8E8A2ABB9D9}.Release|Any CPU.ActiveCfg = Release|Any CPU
		{BA1FB1BD-DE3E-45DE-85DC-A8E8A2ABB9D9}.Release|Any CPU.Build.0 = Release|Any CPU
		{BA1FB1BD-DE3E-45DE-85DC-A8E8A2ABB9D9}.Release|Any CPU.Deploy.0 = Release|Any CPU
	EndGlobalSection
	GlobalSection(SolutionProperties) = preSolution
		HideSolutionNode = FALSE
	EndGlobalSection
	GlobalSection(ExtensibilityGlobals) = postSolution
		SolutionGuid = {5FE4A6E4-0CFD-4F5E-80F5-A30D2ED8F6E8}
	EndGlobalSection
EndGlobal
